Microsoft Visual Studio Solution File, Format Version 12.00
# Visual Studio Version 17
VisualStudioVersion = 17.5.2.0
MinimumVisualStudioVersion = 10.0.40219.1
Project("{FAE04EC0-301F-11D3-BF4B-00C04F79EFBC}") = "my-C#2", "my-C#2.csproj", "{28D897D2-78DE-5359-3990-277683811E29}"
EndProject
Global
	GlobalSection(SolutionConfigurationPlatforms) = preSolution
		Debug|Any CPU = Debug|Any CPU
		Release|Any CPU = Release|Any CPU
	EndGlobalSection
	GlobalSection(ProjectConfigurationPlatforms) = postSolution
		{28D897D2-78DE-5359-3990-277683811E29}.Debug|Any CPU.ActiveCfg = Debug|Any CPU
		{28D897D2-78DE-5359-3990-277683811E29}.Debug|Any CPU.Build.0 = Debug|Any CPU
		{28D897D2-78DE-5359-3990-277683811E29}.Release|Any CPU.ActiveCfg = Release|Any CPU
		{28D897D2-78DE-5359-3990-277683811E29}.Release|Any CPU.Build.0 = Release|Any CPU
	EndGlobalSection
	GlobalSection(SolutionProperties) = preSolution
		HideSolutionNode = FALSE
	EndGlobalSection
	GlobalSection(ExtensibilityGlobals) = postSolution
		SolutionGuid = {97EE84D8-70FF-40CA-8E05-F78F201C2E7D}
	EndGlobalSection
EndGlobal
